dependencies:
- name: redis
  repository: https://charts.bitnami.com/bitnami
  version: 17.11.3
- name: postgresql
  repository: https://charts.bitnami.com/bitnami
  version: 12.5.6
- name: postgresql-ha
  repository: https://charts.bitnami.com/bitnami
  version: 11.7.4
- name: mariadb
  repository: https://charts.bitnami.com/bitnami
  version: 12.2.5
- name: rabbitmq
  repository: https://charts.bitnami.com/bitnami
  version: 12.0.0
- name: common
  repository: https://charts.bitnami.com/bitnami
  version: 2.4.0
digest: sha256:079ebbd369ae853e28074c30e45f0c5b73b8f53061c481bc0680abdccc8481aa
generated: "2023-06-07T20:38:20.926853706Z"
