dependencies:
- name: redis
  repository: oci://registry-1.docker.io/bitnamicharts
  version: 18.19.4
- name: postgresql
  repository: oci://registry-1.docker.io/bitnamicharts
  version: 12.12.10
- name: postgresql-ha
  repository: oci://registry-1.docker.io/bitnamicharts
  version: 11.9.8
- name: mariadb
  repository: oci://registry-1.docker.io/bitnamicharts
  version: 13.1.3
- name: common
  repository: oci://registry-1.docker.io/bitnamicharts
  version: 2.31.4
digest: sha256:ace2063215301529d150af82088647dfbd89c87df11968a857960f45c368ddc4
generated: "2025-09-01T14:34:44.655847424Z"
